
Microsoft Visual Studio Solution File, Format Version 12.00
# Visual Studio Version 17
VisualStudioVersion = 17.4.33110.190
MinimumVisualStudioVersion = 10.0.40219.1
Project("{FAE04EC0-301F-11D3-BF4B-00C04F79EFBC}") = "UkolOOPAuto", "UkolOOPAuto\UkolOOPAuto.csproj", "{392AEE22-3E52-4896-AE68-6F0E4774DAFF}"
EndProject
Global
	GlobalSection(SolutionConfigurationPlatforms) = preSolution
		Debug|Any CPU = Debug|Any CPU
		Release|Any CPU = Release|Any CPU
	EndGlobalSection
	GlobalSection(ProjectConfigurationPlatforms) = postSolution
		{392AEE22-3E52-4896-AE68-6F0E4774DAFF}.Debug|Any CPU.ActiveCfg = Debug|Any CPU
		{392AEE22-3E52-4896-AE68-6F0E4774DAFF}.Debug|Any CPU.Build.0 = Debug|Any CPU
		{392AEE22-3E52-4896-AE68-6F0E4774DAFF}.Release|Any CPU.ActiveCfg = Release|Any CPU
		{392AEE22-3E52-4896-AE68-6F0E4774DAFF}.Release|Any CPU.Build.0 = Release|Any CPU
	EndGlobalSection
	GlobalSection(SolutionProperties) = preSolution
		HideSolutionNode = FALSE
	EndGlobalSection
	GlobalSection(ExtensibilityGlobals) = postSolution
		SolutionGuid = {58DE7190-C37D-42BF-8CBD-671E5309AB05}
	EndGlobalSection
EndGlobal
